
Microsoft Visual Studio Solution File, Format Version 12.00
# Visual Studio Version 17
VisualStudioVersion = 17.9.34728.123
MinimumVisualStudioVersion = 10.0.40219.1
Project("{9A19103F-16F7-4668-BE54-9A1E7A4F7556}") = "MisTareas", "MisTareas\MisTareas.csproj", "{06A1CFCD-569C-4F10-A292-43571BD1701F}"
EndProject
Global
	GlobalSection(SolutionConfigurationPlatforms) = preSolution
		Debug|Any CPU = Debug|Any CPU
		Release|Any CPU = Release|Any CPU
	EndGlobalSection
	GlobalSection(ProjectConfigurationPlatforms) = postSolution
		{06A1CFCD-569C-4F10-A292-43571BD1701F}.Debug|Any CPU.ActiveCfg = Debug|Any CPU
		{06A1CFCD-569C-4F10-A292-43571BD1701F}.Debug|Any CPU.Build.0 = Debug|Any CPU
		{06A1CFCD-569C-4F10-A292-43571BD1701F}.Release|Any CPU.ActiveCfg = Release|Any CPU
		{06A1CFCD-569C-4F10-A292-43571BD1701F}.Release|Any CPU.Build.0 = Release|Any CPU
	EndGlobalSection
	GlobalSection(SolutionProperties) = preSolution
		HideSolutionNode = FALSE
	EndGlobalSection
	GlobalSection(ExtensibilityGlobals) = postSolution
		SolutionGuid = {67A225CE-7990-457B-A638-452F80AD4C71}
	EndGlobalSection
EndGlobal
